{
    "name": "ploinky-cloud",
    "version": "1.0.0",
    "lockfileVersion": 3,
    "requires": true,
    "packages": {
        "": {
            "name": "ploinky-cloud",
            "version": "1.0.0",
            "hasInstallScript": true,
            "license": "MIT",
            "dependencies": {
                "flexsearch": "github:PloinkyRepos/flexsearch#main",
                "mcp-sdk": "github:PloinkyRepos/MCPSDK#main",
                "node-pty": "^1.0.0"
            },
            "bin": {
                "p-cloud": "bin/p-cloud"
            },
            "engines": {
                "node": ">=14.0.0"
            }
        },
        "node_modules/flexsearch": {
            "version": "0.8.214",
            "resolved": "git+ssh://git@github.com/PloinkyRepos/flexsearch.git#fed10a9cfa3890ee809840d9ef2245eed26d3658"
        },
        "node_modules/mcp-sdk": {
            "name": "@modelcontextprotocol/sdk",
            "version": "1.19.1",
            "resolved": "git+ssh://git@github.com/PloinkyRepos/MCPSDK.git#7efe9d17f52a625743e411089d3a6879f6f89156",
            "engines": {
                "node": ">=18"
            }
        },
        "node_modules/nan": {
            "version": "2.23.1",
            "license": "MIT"
        },
        "node_modules/node-pty": {
            "version": "1.0.0",
            "hasInstallScript": true,
            "license": "MIT",
            "dependencies": {
                "nan": "^2.17.0"
            }
        }
    }
}
